// !$*UTF8*$!
{
	archiveVersion = 1;
	classes = {
	};
	objectVersion = 56;
	objects = {

/* Begin PBXBuildFile section */
		42027F322A5AC282002CB0B9 /* NetworkProvider.swift in Sources */ = {isa = PBXBuildFile; fileRef = 42027F222A5AC282002CB0B9 /* NetworkProvider.swift */; };
		42027F332A5AC282002CB0B9 /* URLSessionNetworkProvider.swift in Sources */ = {isa = PBXBuildFile; fileRef = 42027F232A5AC282002CB0B9 /* URLSessionNetworkProvider.swift */; };
		42027F342A5AC282002CB0B9 /* JsonDataParser.swift in Sources */ = {isa = PBXBuildFile; fileRef = 42027F252A5AC282002CB0B9 /* JsonDataParser.swift */; };
		42027F352A5AC282002CB0B9 /* URLBuilder.swift in Sources */ = {isa = PBXBuildFile; fileRef = 42027F272A5AC282002CB0B9 /* URLBuilder.swift */; };
		42027F362A5AC282002CB0B9 /* EndpointPath.swift in Sources */ = {isa = PBXBuildFile; fileRef = 42027F292A5AC282002CB0B9 /* EndpointPath.swift */; };
		42027F392A5AC282002CB0B9 /* Endpoint.swift in Sources */ = {isa = PBXBuildFile; fileRef = 42027F2C2A5AC282002CB0B9 /* Endpoint.swift */; };
		42027F3B2A5AC282002CB0B9 /* NetworkError.swift in Sources */ = {isa = PBXBuildFile; fileRef = 42027F302A5AC282002CB0B9 /* NetworkError.swift */; };
		42027F472A5AC369002CB0B9 /* URLSessionNetworkProviderTest.swift in Sources */ = {isa = PBXBuildFile; fileRef = 42027F3E2A5AC369002CB0B9 /* URLSessionNetworkProviderTest.swift */; };
		42027F482A5AC369002CB0B9 /* JsonDataParserTest.swift in Sources */ = {isa = PBXBuildFile; fileRef = 42027F402A5AC369002CB0B9 /* JsonDataParserTest.swift */; };
		42027F492A5AC369002CB0B9 /* URLProtocolMock.swift in Sources */ = {isa = PBXBuildFile; fileRef = 42027F432A5AC369002CB0B9 /* URLProtocolMock.swift */; };
		42027F4A2A5AC369002CB0B9 /* UrlBuilderTest.swift in Sources */ = {isa = PBXBuildFile; fileRef = 42027F442A5AC369002CB0B9 /* UrlBuilderTest.swift */; };
		42027F4B2A5AC369002CB0B9 /* DummyEndpoint.swift in Sources */ = {isa = PBXBuildFile; fileRef = 42027F462A5AC369002CB0B9 /* DummyEndpoint.swift */; };
		42027F4E2A5AC3B3002CB0B9 /* Endpoint+UrlRequest.swift in Sources */ = {isa = PBXBuildFile; fileRef = 42027F4D2A5AC3B3002CB0B9 /* Endpoint+UrlRequest.swift */; };
		42027F502A5AC973002CB0B9 /* QueryItemKey.swift in Sources */ = {isa = PBXBuildFile; fileRef = 42027F4F2A5AC973002CB0B9 /* QueryItemKey.swift */; };
		42027F522A5ACB98002CB0B9 /* HeaderKey.swift in Sources */ = {isa = PBXBuildFile; fileRef = 42027F512A5ACB98002CB0B9 /* HeaderKey.swift */; };
		42027F542A5ACCB9002CB0B9 /* AppConfiguration.swift in Sources */ = {isa = PBXBuildFile; fileRef = 42027F532A5ACCB9002CB0B9 /* AppConfiguration.swift */; };
		42027F602A5AD091002CB0B9 /* AppConfigurationTest.swift in Sources */ = {isa = PBXBuildFile; fileRef = 42027F5F2A5AD091002CB0B9 /* AppConfigurationTest.swift */; };
		42B7A8AF2A58BDDA009FF1F7 /* BlipFmApp.swift in Sources */ = {isa = PBXBuildFile; fileRef = 42B7A8AE2A58BDDA009FF1F7 /* BlipFmApp.swift */; };
		42B7A8B12A58BDDA009FF1F7 /* ContentView.swift in Sources */ = {isa = PBXBuildFile; fileRef = 42B7A8B02A58BDDA009FF1F7 /* ContentView.swift */; };
		42B7A8B32A58BDDC009FF1F7 /* Assets.xcassets in Resources */ = {isa = PBXBuildFile; fileRef = 42B7A8B22A58BDDC009FF1F7 /* Assets.xcassets */; };
		42B7A8B72A58BDDC009FF1F7 /* Preview Assets.xcassets in Resources */ = {isa = PBXBuildFile; fileRef = 42B7A8B62A58BDDC009FF1F7 /* Preview Assets.xcassets */; };
		42B7A8CB2A58BDDC009FF1F7 /* BlipFMUITests.swift in Sources */ = {isa = PBXBuildFile; fileRef = 42B7A8CA2A58BDDC009FF1F7 /* BlipFMUITests.swift */; };
		42B7A8CD2A58BDDC009FF1F7 /* BlipFMUITestsLaunchTests.swift in Sources */ = {isa = PBXBuildFile; fileRef = 42B7A8CC2A58BDDC009FF1F7 /* BlipFMUITestsLaunchTests.swift */; };
/* End PBXBuildFile section */

/* Begin PBXContainerItemProxy section */
		42B7A8BD2A58BDDC009FF1F7 /* PBXContainerItemProxy */ = {
			isa = PBXContainerItemProxy;
			containerPortal = 42B7A8A32A58BDDA009FF1F7 /* Project object */;
			proxyType = 1;
			remoteGlobalIDString = 42B7A8AA2A58BDDA009FF1F7;
			remoteInfo = BlipFM;
		};
		42B7A8C72A58BDDC009FF1F7 /* PBXContainerItemProxy */ = {
			isa = PBXContainerItemProxy;
			containerPortal = 42B7A8A32A58BDDA009FF1F7 /* Project object */;
			proxyType = 1;
			remoteGlobalIDString = 42B7A8AA2A58BDDA009FF1F7;
			remoteInfo = BlipFM;
		};
/* End PBXContainerItemProxy section */

/* Begin PBXFileReference section */
		42027F222A5AC282002CB0B9 /* NetworkProvider.swift */ = {isa = PBXFileReference; fileEncoding = 4; lastKnownFileType = sourcecode.swift; path = NetworkProvider.swift; sourceTree = "<group>"; };
		42027F232A5AC282002CB0B9 /* URLSessionNetworkProvider.swift */ = {isa = PBXFileReference; fileEncoding = 4; lastKnownFileType = sourcecode.swift; path = URLSessionNetworkProvider.swift; sourceTree = "<group>"; };
		42027F252A5AC282002CB0B9 /* JsonDataParser.swift */ = {isa = PBXFileReference; fileEncoding = 4; lastKnownFileType = sourcecode.swift; path = JsonDataParser.swift; sourceTree = "<group>"; };
		42027F272A5AC282002CB0B9 /* URLBuilder.swift */ = {isa = PBXFileReference; fileEncoding = 4; lastKnownFileType = sourcecode.swift; path = URLBuilder.swift; sourceTree = "<group>"; };
		42027F292A5AC282002CB0B9 /* EndpointPath.swift */ = {isa = PBXFileReference; fileEncoding = 4; lastKnownFileType = sourcecode.swift; path = EndpointPath.swift; sourceTree = "<group>"; };
		42027F2C2A5AC282002CB0B9 /* Endpoint.swift */ = {isa = PBXFileReference; fileEncoding = 4; lastKnownFileType = sourcecode.swift; path = Endpoint.swift; sourceTree = "<group>"; };
		42027F302A5AC282002CB0B9 /* NetworkError.swift */ = {isa = PBXFileReference; fileEncoding = 4; lastKnownFileType = sourcecode.swift; path = NetworkError.swift; sourceTree = "<group>"; };
		42027F3E2A5AC369002CB0B9 /* URLSessionNetworkProviderTest.swift */ = {isa = PBXFileReference; fileEncoding = 4; lastKnownFileType = sourcecode.swift; path = URLSessionNetworkProviderTest.swift; sourceTree = "<group>"; };
		42027F402A5AC369002CB0B9 /* JsonDataParserTest.swift */ = {isa = PBXFileReference; fileEncoding = 4; lastKnownFileType = sourcecode.swift; path = JsonDataParserTest.swift; sourceTree = "<group>"; };
		42027F432A5AC369002CB0B9 /* URLProtocolMock.swift */ = {isa = PBXFileReference; fileEncoding = 4; lastKnownFileType = sourcecode.swift; path = URLProtocolMock.swift; sourceTree = "<group>"; };
		42027F442A5AC369002CB0B9 /* UrlBuilderTest.swift */ = {isa = PBXFileReference; fileEncoding = 4; lastKnownFileType = sourcecode.swift; path = UrlBuilderTest.swift; sourceTree = "<group>"; };
		42027F462A5AC369002CB0B9 /* DummyEndpoint.swift */ = {isa = PBXFileReference; fileEncoding = 4; lastKnownFileType = sourcecode.swift; path = DummyEndpoint.swift; sourceTree = "<group>"; };
		42027F4D2A5AC3B3002CB0B9 /* Endpoint+UrlRequest.swift */ = {isa = PBXFileReference; lastKnownFileType = sourcecode.swift; path = "Endpoint+UrlRequest.swift"; sourceTree = "<group>"; };
		42027F4F2A5AC973002CB0B9 /* QueryItemKey.swift */ = {isa = PBXFileReference; lastKnownFileType = sourcecode.swift; path = QueryItemKey.swift; sourceTree = "<group>"; };
		42027F512A5ACB98002CB0B9 /* HeaderKey.swift */ = {isa = PBXFileReference; lastKnownFileType = sourcecode.swift; path = HeaderKey.swift; sourceTree = "<group>"; };
		42027F532A5ACCB9002CB0B9 /* AppConfiguration.swift */ = {isa = PBXFileReference; lastKnownFileType = sourcecode.swift; path = AppConfiguration.swift; sourceTree = "<group>"; };
		42027F552A5ACCD1002CB0B9 /* Info.plist */ = {isa = PBXFileReference; lastKnownFileType = text.plist.xml; path = Info.plist; sourceTree = "<group>"; };
		42027F562A5ACD31002CB0B9 /* Dev.xcconfig */ = {isa = PBXFileReference; lastKnownFileType = text.xcconfig; path = Dev.xcconfig; sourceTree = "<group>"; };
		42027F5B2A5ACE51002CB0B9 /* Local.xcconfig */ = {isa = PBXFileReference; lastKnownFileType = text.xcconfig; path = Local.xcconfig; sourceTree = "<group>"; };
		42027F5F2A5AD091002CB0B9 /* AppConfigurationTest.swift */ = {isa = PBXFileReference; lastKnownFileType = sourcecode.swift; path = AppConfigurationTest.swift; sourceTree = "<group>"; };
		42B7A8AB2A58BDDA009FF1F7 /* BlipFM.app */ = {isa = PBXFileReference; explicitFileType = wrapper.application; includeInIndex = 0; path = BlipFM.app; sourceTree = BUILT_PRODUCTS_DIR; };
		42B7A8AE2A58BDDA009FF1F7 /* BlipFmApp.swift */ = {isa = PBXFileReference; lastKnownFileType = sourcecode.swift; path = BlipFmApp.swift; sourceTree = "<group>"; };
		42B7A8B02A58BDDA009FF1F7 /* ContentView.swift */ = {isa = PBXFileReference; lastKnownFileType = sourcecode.swift; path = ContentView.swift; sourceTree = "<group>"; };
		42B7A8B22A58BDDC009FF1F7 /* Assets.xcassets */ = {isa = PBXFileReference; lastKnownFileType = folder.assetcatalog; path = Assets.xcassets; sourceTree = "<group>"; };
		42B7A8B42A58BDDC009FF1F7 /* BlipFM.entitlements */ = {isa = PBXFileReference; lastKnownFileType = text.plist.entitlements; path = BlipFM.entitlements; sourceTree = "<group>"; };
		42B7A8B62A58BDDC009FF1F7 /* Preview Assets.xcassets */ = {isa = PBXFileReference; lastKnownFileType = folder.assetcatalog; path = "Preview Assets.xcassets"; sourceTree = "<group>"; };
		42B7A8BC2A58BDDC009FF1F7 /* BlipFMTests.xctest */ = {isa = PBXFileReference; explicitFileType = wrapper.cfbundle; includeInIndex = 0; path = BlipFMTests.xctest; sourceTree = BUILT_PRODUCTS_DIR; };
		42B7A8C62A58BDDC009FF1F7 /* BlipFMUITests.xctest */ = {isa = PBXFileReference; explicitFileType = wrapper.cfbundle; includeInIndex = 0; path = BlipFMUITests.xctest; sourceTree = BUILT_PRODUCTS_DIR; };
		42B7A8CA2A58BDDC009FF1F7 /* BlipFMUITests.swift */ = {isa = PBXFileReference; lastKnownFileType = sourcecode.swift; path = BlipFMUITests.swift; sourceTree = "<group>"; };
		42B7A8CC2A58BDDC009FF1F7 /* BlipFMUITestsLaunchTests.swift */ = {isa = PBXFileReference; lastKnownFileType = sourcecode.swift; path = BlipFMUITestsLaunchTests.swift; sourceTree = "<group>"; };
		42B7A8DD2A58C42B009FF1F7 /* BlipFMTests.xctestplan */ = {isa = PBXFileReference; lastKnownFileType = text; path = BlipFMTests.xctestplan; sourceTree = "<group>"; };
/* End PBXFileReference section */

/* Begin PBXFrameworksBuildPhase section */
		42B7A8A82A58BDDA009FF1F7 /* Frameworks */ = {
			isa = PBXFrameworksBuildPhase;
			buildActionMask = 2147483647;
			files = (
			);
			runOnlyForDeploymentPostprocessing = 0;
		};
		42B7A8B92A58BDDC009FF1F7 /* Frameworks */ = {
			isa = PBXFrameworksBuildPhase;
			buildActionMask = 2147483647;
			files = (
			);
			runOnlyForDeploymentPostprocessing = 0;
		};
		42B7A8C32A58BDDC009FF1F7 /* Frameworks */ = {
			isa = PBXFrameworksBuildPhase;
			buildActionMask = 2147483647;
			files = (
			);
			runOnlyForDeploymentPostprocessing = 0;
		};
/* End PBXFrameworksBuildPhase section */

/* Begin PBXGroup section */
		42027F1E2A5AC282002CB0B9 /* Network */ = {
			isa = PBXGroup;
			children = (
				42027F212A5AC282002CB0B9 /* Provider */,
				42027F242A5AC282002CB0B9 /* Parser */,
				42027F262A5AC282002CB0B9 /* Support */,
				42027F282A5AC282002CB0B9 /* Endpoint */,
				42027F2F2A5AC282002CB0B9 /* Error */,
			);
			path = Network;
			sourceTree = "<group>";
		};
		42027F212A5AC282002CB0B9 /* Provider */ = {
			isa = PBXGroup;
			children = (
				42027F222A5AC282002CB0B9 /* NetworkProvider.swift */,
				42027F232A5AC282002CB0B9 /* URLSessionNetworkProvider.swift */,
			);
			path = Provider;
			sourceTree = "<group>";
		};
		42027F242A5AC282002CB0B9 /* Parser */ = {
			isa = PBXGroup;
			children = (
				42027F252A5AC282002CB0B9 /* JsonDataParser.swift */,
			);
			path = Parser;
			sourceTree = "<group>";
		};
		42027F262A5AC282002CB0B9 /* Support */ = {
			isa = PBXGroup;
			children = (
				42027F272A5AC282002CB0B9 /* URLBuilder.swift */,
				42027F4F2A5AC973002CB0B9 /* QueryItemKey.swift */,
				42027F512A5ACB98002CB0B9 /* HeaderKey.swift */,
			);
			path = Support;
			sourceTree = "<group>";
		};
		42027F282A5AC282002CB0B9 /* Endpoint */ = {
			isa = PBXGroup;
			children = (
				42027F292A5AC282002CB0B9 /* EndpointPath.swift */,
				42027F2C2A5AC282002CB0B9 /* Endpoint.swift */,
			);
			path = Endpoint;
			sourceTree = "<group>";
		};
		42027F2F2A5AC282002CB0B9 /* Error */ = {
			isa = PBXGroup;
			children = (
				42027F302A5AC282002CB0B9 /* NetworkError.swift */,
			);
			path = Error;
			sourceTree = "<group>";
		};
		42027F3C2A5AC369002CB0B9 /* Network */ = {
			isa = PBXGroup;
			children = (
				42027F3D2A5AC369002CB0B9 /* Provider */,
				42027F3F2A5AC369002CB0B9 /* Parser */,
				42027F412A5AC369002CB0B9 /* Support */,
				42027F452A5AC369002CB0B9 /* Endpoint */,
			);
			path = Network;
			sourceTree = "<group>";
		};
		42027F3D2A5AC369002CB0B9 /* Provider */ = {
			isa = PBXGroup;
			children = (
				42027F3E2A5AC369002CB0B9 /* URLSessionNetworkProviderTest.swift */,
			);
			path = Provider;
			sourceTree = "<group>";
		};
		42027F3F2A5AC369002CB0B9 /* Parser */ = {
			isa = PBXGroup;
			children = (
				42027F402A5AC369002CB0B9 /* JsonDataParserTest.swift */,
			);
			path = Parser;
			sourceTree = "<group>";
		};
		42027F412A5AC369002CB0B9 /* Support */ = {
			isa = PBXGroup;
			children = (
				42027F422A5AC369002CB0B9 /* Mock */,
				42027F442A5AC369002CB0B9 /* UrlBuilderTest.swift */,
			);
			path = Support;
			sourceTree = "<group>";
		};
		42027F422A5AC369002CB0B9 /* Mock */ = {
			isa = PBXGroup;
			children = (
				42027F432A5AC369002CB0B9 /* URLProtocolMock.swift */,
			);
			path = Mock;
			sourceTree = "<group>";
		};
		42027F452A5AC369002CB0B9 /* Endpoint */ = {
			isa = PBXGroup;
			children = (
				42027F462A5AC369002CB0B9 /* DummyEndpoint.swift */,
			);
			path = Endpoint;
			sourceTree = "<group>";
		};
		42027F4C2A5AC3A8002CB0B9 /* Extensions */ = {
			isa = PBXGroup;
			children = (
				42027F4D2A5AC3B3002CB0B9 /* Endpoint+UrlRequest.swift */,
			);
			path = Extensions;
			sourceTree = "<group>";
		};
		42027F5C2A5ACF18002CB0B9 /* Entitlements */ = {
			isa = PBXGroup;
			children = (
				42B7A8B42A58BDDC009FF1F7 /* BlipFM.entitlements */,
			);
			path = Entitlements;
			sourceTree = "<group>";
		};
		42027F5D2A5ACF2E002CB0B9 /* Plist */ = {
			isa = PBXGroup;
			children = (
				42027F552A5ACCD1002CB0B9 /* Info.plist */,
				42027F562A5ACD31002CB0B9 /* Dev.xcconfig */,
				42027F5B2A5ACE51002CB0B9 /* Local.xcconfig */,
			);
			path = Plist;
			sourceTree = "<group>";
		};
		42027F5E2A5AD084002CB0B9 /* Configuration */ = {
			isa = PBXGroup;
			children = (
				42027F5F2A5AD091002CB0B9 /* AppConfigurationTest.swift */,
			);
			path = Configuration;
			sourceTree = "<group>";
		};
		42B7A8A22A58BDDA009FF1F7 = {
			isa = PBXGroup;
			children = (
				42B7A8AD2A58BDDA009FF1F7 /* BlipFM */,
				42B7A8BF2A58BDDC009FF1F7 /* BlipFMTests */,
				42B7A8C92A58BDDC009FF1F7 /* BlipFMUITests */,
				42B7A8AC2A58BDDA009FF1F7 /* Products */,
			);
			sourceTree = "<group>";
		};
		42B7A8AC2A58BDDA009FF1F7 /* Products */ = {
			isa = PBXGroup;
			children = (
				42B7A8AB2A58BDDA009FF1F7 /* BlipFM.app */,
				42B7A8BC2A58BDDC009FF1F7 /* BlipFMTests.xctest */,
				42B7A8C62A58BDDC009FF1F7 /* BlipFMUITests.xctest */,
			);
			name = Products;
			sourceTree = "<group>";
		};
		42B7A8AD2A58BDDA009FF1F7 /* BlipFM */ = {
			isa = PBXGroup;
			children = (
				42B7A8B22A58BDDC009FF1F7 /* Assets.xcassets */,
				42B7A8D92A58BE77009FF1F7 /* Configuration */,
				42B7A8DA2A58BEA7009FF1F7 /* Core */,
				42027F4C2A5AC3A8002CB0B9 /* Extensions */,
				42027F1E2A5AC282002CB0B9 /* Network */,
				42B7A8B52A58BDDC009FF1F7 /* Preview Content */,
				42B7A8DB2A58BEE4009FF1F7 /* View */,
			);
			path = BlipFM;
			sourceTree = "<group>";
		};
		42B7A8B52A58BDDC009FF1F7 /* Preview Content */ = {
			isa = PBXGroup;
			children = (
				42B7A8B62A58BDDC009FF1F7 /* Preview Assets.xcassets */,
			);
			path = "Preview Content";
			sourceTree = "<group>";
		};
		42B7A8BF2A58BDDC009FF1F7 /* BlipFMTests */ = {
			isa = PBXGroup;
			children = (
				42027F5E2A5AD084002CB0B9 /* Configuration */,
				42027F3C2A5AC369002CB0B9 /* Network */,
				42B7A8DC2A58C410009FF1F7 /* TestPlan */,
			);
			path = BlipFMTests;
			sourceTree = "<group>";
		};
		42B7A8C92A58BDDC009FF1F7 /* BlipFMUITests */ = {
			isa = PBXGroup;
			children = (
				42B7A8CA2A58BDDC009FF1F7 /* BlipFMUITests.swift */,
				42B7A8CC2A58BDDC009FF1F7 /* BlipFMUITestsLaunchTests.swift */,
			);
			path = BlipFMUITests;
			sourceTree = "<group>";
		};
		42B7A8D92A58BE77009FF1F7 /* Configuration */ = {
			isa = PBXGroup;
			children = (
				42027F5C2A5ACF18002CB0B9 /* Entitlements */,
				42027F5D2A5ACF2E002CB0B9 /* Plist */,
				42027F532A5ACCB9002CB0B9 /* AppConfiguration.swift */,
			);
			path = Configuration;
			sourceTree = "<group>";
		};
		42B7A8DA2A58BEA7009FF1F7 /* Core */ = {
			isa = PBXGroup;
			children = (
				42B7A8AE2A58BDDA009FF1F7 /* BlipFmApp.swift */,
			);
			path = Core;
			sourceTree = "<group>";
		};
		42B7A8DB2A58BEE4009FF1F7 /* View */ = {
			isa = PBXGroup;
			children = (
				42B7A8B02A58BDDA009FF1F7 /* ContentView.swift */,
			);
			path = View;
			sourceTree = "<group>";
		};
		42B7A8DC2A58C410009FF1F7 /* TestPlan */ = {
			isa = PBXGroup;
			children = (
				42B7A8DD2A58C42B009FF1F7 /* BlipFMTests.xctestplan */,
			);
			path = TestPlan;
			sourceTree = "<group>";
		};
/* End PBXGroup section */

/* Begin PBXNativeTarget section */
		42B7A8AA2A58BDDA009FF1F7 /* BlipFM */ = {
			isa = PBXNativeTarget;
			buildConfigurationList = 42B7A8D02A58BDDC009FF1F7 /* Build configuration list for PBXNativeTarget "BlipFM" */;
			buildPhases = (
				42B7A8A72A58BDDA009FF1F7 /* Sources */,
				42B7A8A82A58BDDA009FF1F7 /* Frameworks */,
				42B7A8A92A58BDDA009FF1F7 /* Resources */,
			);
			buildRules = (
			);
			dependencies = (
			);
			name = BlipFM;
			productName = BlipFM;
			productReference = 42B7A8AB2A58BDDA009FF1F7 /* BlipFM.app */;
			productType = "com.apple.product-type.application";
		};
		42B7A8BB2A58BDDC009FF1F7 /* BlipFMTests */ = {
			isa = PBXNativeTarget;
			buildConfigurationList = 42B7A8D32A58BDDC009FF1F7 /* Build configuration list for PBXNativeTarget "BlipFMTests" */;
			buildPhases = (
				42B7A8B82A58BDDC009FF1F7 /* Sources */,
				42B7A8B92A58BDDC009FF1F7 /* Frameworks */,
				42B7A8BA2A58BDDC009FF1F7 /* Resources */,
			);
			buildRules = (
			);
			dependencies = (
				42B7A8BE2A58BDDC009FF1F7 /* PBXTargetDependency */,
			);
			name = BlipFMTests;
			productName = BlipFMTests;
			productReference = 42B7A8BC2A58BDDC009FF1F7 /* BlipFMTests.xctest */;
			productType = "com.apple.product-type.bundle.unit-test";
		};
		42B7A8C52A58BDDC009FF1F7 /* BlipFMUITests */ = {
			isa = PBXNativeTarget;
			buildConfigurationList = 42B7A8D62A58BDDC009FF1F7 /* Build configuration list for PBXNativeTarget "BlipFMUITests" */;
			buildPhases = (
				42B7A8C22A58BDDC009FF1F7 /* Sources */,
				42B7A8C32A58BDDC009FF1F7 /* Frameworks */,
				42B7A8C42A58BDDC009FF1F7 /* Resources */,
			);
			buildRules = (
			);
			dependencies = (
				42B7A8C82A58BDDC009FF1F7 /* PBXTargetDependency */,
			);
			name = BlipFMUITests;
			productName = BlipFMUITests;
			productReference = 42B7A8C62A58BDDC009FF1F7 /* BlipFMUITests.xctest */;
			productType = "com.apple.product-type.bundle.ui-testing";
		};
/* End PBXNativeTarget section */

/* Begin PBXProject section */
		42B7A8A32A58BDDA009FF1F7 /* Project object */ = {
			isa = PBXProject;
			attributes = {
				BuildIndependentTargetsInParallel = 1;
				LastSwiftUpdateCheck = 1430;
				LastUpgradeCheck = 1430;
				TargetAttributes = {
					42B7A8AA2A58BDDA009FF1F7 = {
						CreatedOnToolsVersion = 14.3.1;
					};
					42B7A8BB2A58BDDC009FF1F7 = {
						CreatedOnToolsVersion = 14.3.1;
						TestTargetID = 42B7A8AA2A58BDDA009FF1F7;
					};
					42B7A8C52A58BDDC009FF1F7 = {
						CreatedOnToolsVersion = 14.3.1;
						TestTargetID = 42B7A8AA2A58BDDA009FF1F7;
					};
				};
			};
			buildConfigurationList = 42B7A8A62A58BDDA009FF1F7 /* Build configuration list for PBXProject "BlipFM" */;
			compatibilityVersion = "Xcode 14.0";
			developmentRegion = en;
			hasScannedForEncodings = 0;
			knownRegions = (
				en,
				Base,
			);
			mainGroup = 42B7A8A22A58BDDA009FF1F7;
			productRefGroup = 42B7A8AC2A58BDDA009FF1F7 /* Products */;
			projectDirPath = "";
			projectRoot = "";
			targets = (
				42B7A8AA2A58BDDA009FF1F7 /* BlipFM */,
				42B7A8BB2A58BDDC009FF1F7 /* BlipFMTests */,
				42B7A8C52A58BDDC009FF1F7 /* BlipFMUITests */,
			);
		};
/* End PBXProject section */

/* Begin PBXResourcesBuildPhase section */
		42B7A8A92A58BDDA009FF1F7 /* Resources */ = {
			isa = PBXResourcesBuildPhase;
			buildActionMask = 2147483647;
			files = (
				42B7A8B72A58BDDC009FF1F7 /* Preview Assets.xcassets in Resources */,
				42B7A8B32A58BDDC009FF1F7 /* Assets.xcassets in Resources */,
			);
			runOnlyForDeploymentPostprocessing = 0;
		};
		42B7A8BA2A58BDDC009FF1F7 /* Resources */ = {
			isa = PBXResourcesBuildPhase;
			buildActionMask = 2147483647;
			files = (
			);
			runOnlyForDeploymentPostprocessing = 0;
		};
		42B7A8C42A58BDDC009FF1F7 /* Resources */ = {
			isa = PBXResourcesBuildPhase;
			buildActionMask = 2147483647;
			files = (
			);
			runOnlyForDeploymentPostprocessing = 0;
		};
/* End PBXResourcesBuildPhase section */

/* Begin PBXSourcesBuildPhase section */
		42B7A8A72A58BDDA009FF1F7 /* Sources */ = {
			isa = PBXSourcesBuildPhase;
			buildActionMask = 2147483647;
			files = (
				42027F4E2A5AC3B3002CB0B9 /* Endpoint+UrlRequest.swift in Sources */,
				42B7A8B12A58BDDA009FF1F7 /* ContentView.swift in Sources */,
				42027F502A5AC973002CB0B9 /* QueryItemKey.swift in Sources */,
				42027F542A5ACCB9002CB0B9 /* AppConfiguration.swift in Sources */,
				42027F352A5AC282002CB0B9 /* URLBuilder.swift in Sources */,
				42027F322A5AC282002CB0B9 /* NetworkProvider.swift in Sources */,
				42027F362A5AC282002CB0B9 /* EndpointPath.swift in Sources */,
				42B7A8AF2A58BDDA009FF1F7 /* BlipFmApp.swift in Sources */,
				42027F342A5AC282002CB0B9 /* JsonDataParser.swift in Sources */,
				42027F522A5ACB98002CB0B9 /* HeaderKey.swift in Sources */,
				42027F3B2A5AC282002CB0B9 /* NetworkError.swift in Sources */,
				42027F392A5AC282002CB0B9 /* Endpoint.swift in Sources */,
				42027F332A5AC282002CB0B9 /* URLSessionNetworkProvider.swift in Sources */,
			);
			runOnlyForDeploymentPostprocessing = 0;
		};
		42B7A8B82A58BDDC009FF1F7 /* Sources */ = {
			isa = PBXSourcesBuildPhase;
			buildActionMask = 2147483647;
			files = (
				42027F4A2A5AC369002CB0B9 /* UrlBuilderTest.swift in Sources */,
				42027F4B2A5AC369002CB0B9 /* DummyEndpoint.swift in Sources */,
				42027F602A5AD091002CB0B9 /* AppConfigurationTest.swift in Sources */,
				42027F482A5AC369002CB0B9 /* JsonDataParserTest.swift in Sources */,
				42027F472A5AC369002CB0B9 /* URLSessionNetworkProviderTest.swift in Sources */,
				42027F492A5AC369002CB0B9 /* URLProtocolMock.swift in Sources */,
			);
			runOnlyForDeploymentPostprocessing = 0;
		};
		42B7A8C22A58BDDC009FF1F7 /* Sources */ = {
			isa = PBXSourcesBuildPhase;
			buildActionMask = 2147483647;
			files = (
				42B7A8CD2A58BDDC009FF1F7 /* BlipFMUITestsLaunchTests.swift in Sources */,
				42B7A8CB2A58BDDC009FF1F7 /* BlipFMUITests.swift in Sources */,
			);
			runOnlyForDeploymentPostprocessing = 0;
		};
/* End PBXSourcesBuildPhase section */

/* Begin PBXTargetDependency section */
		42B7A8BE2A58BDDC009FF1F7 /* PBXTargetDependency */ = {
			isa = PBXTargetDependency;
			target = 42B7A8AA2A58BDDA009FF1F7 /* BlipFM */;
			targetProxy = 42B7A8BD2A58BDDC009FF1F7 /* PBXContainerItemProxy */;
		};
		42B7A8C82A58BDDC009FF1F7 /* PBXTargetDependency */ = {
			isa = PBXTargetDependency;
			target = 42B7A8AA2A58BDDA009FF1F7 /* BlipFM */;
			targetProxy = 42B7A8C72A58BDDC009FF1F7 /* PBXContainerItemProxy */;
		};
/* End PBXTargetDependency section */

/* Begin XCBuildConfiguration section */
		42027F632A5AD2B1002CB0B9 /* Local */ = {
			isa = XCBuildConfiguration;
			baseConfigurationReference = 42027F5B2A5ACE51002CB0B9 /* Local.xcconfig */;
			buildSettings = {
				ALWAYS_SEARCH_USER_PATHS = NO;
				CLANG_ANALYZER_NONNULL = YES;
				CLANG_ANALYZER_NUMBER_OBJECT_CONVERSION = YES_AGGRESSIVE;
				CLANG_CXX_LANGUAGE_STANDARD = "gnu++20";
				CLANG_ENABLE_MODULES = YES;
				CLANG_ENABLE_OBJC_ARC = YES;
				CLANG_ENABLE_OBJC_WEAK = YES;
				CLANG_WARN_BLOCK_CAPTURE_AUTORELEASING = YES;
				CLANG_WARN_BOOL_CONVERSION = YES;
				CLANG_WARN_COMMA = YES;
				CLANG_WARN_CONSTANT_CONVERSION = YES;
				CLANG_WARN_DEPRECATED_OBJC_IMPLEMENTATIONS = YES;
				CLANG_WARN_DIRECT_OBJC_ISA_USAGE = YES_ERROR;
				CLANG_WARN_DOCUMENTATION_COMMENTS = YES;
				CLANG_WARN_EMPTY_BODY = YES;
				CLANG_WARN_ENUM_CONVERSION = YES;
				CLANG_WARN_INFINITE_RECURSION = YES;
				CLANG_WARN_INT_CONVERSION = YES;
				CLANG_WARN_NON_LITERAL_NULL_CONVERSION = YES;
				CLANG_WARN_OBJC_IMPLICIT_RETAIN_SELF = YES;
				CLANG_WARN_OBJC_LITERAL_CONVERSION = YES;
				CLANG_WARN_OBJC_ROOT_CLASS = YES_ERROR;
				CLANG_WARN_QUOTED_INCLUDE_IN_FRAMEWORK_HEADER = YES;
				CLANG_WARN_RANGE_LOOP_ANALYSIS = YES;
				CLANG_WARN_STRICT_PROTOTYPES = YES;
				CLANG_WARN_SUSPICIOUS_MOVE = YES;
				CLANG_WARN_UNGUARDED_AVAILABILITY = YES_AGGRESSIVE;
				CLANG_WARN_UNREACHABLE_CODE = YES;
				CLANG_WARN__DUPLICATE_METHOD_MATCH = YES;
				COPY_PHASE_STRIP = NO;
				DEBUG_INFORMATION_FORMAT = dwarf;
				ENABLE_STRICT_OBJC_MSGSEND = YES;
				ENABLE_TESTABILITY = YES;
				GCC_C_LANGUAGE_STANDARD = gnu11;
				GCC_DYNAMIC_NO_PIC = NO;
				GCC_NO_COMMON_BLOCKS = YES;
				GCC_OPTIMIZATION_LEVEL = 0;
				GCC_PREPROCESSOR_DEFINITIONS = (
					"DEBUG=1",
					"$(inherited)",
				);
				GCC_WARN_64_TO_32_BIT_CONVERSION = YES;
				GCC_WARN_ABOUT_RETURN_TYPE = YES_ERROR;
				GCC_WARN_UNDECLARED_SELECTOR = YES;
				GCC_WARN_UNINITIALIZED_AUTOS = YES_AGGRESSIVE;
				GCC_WARN_UNUSED_FUNCTION = YES;
				GCC_WARN_UNUSED_VARIABLE = YES;
				MTL_ENABLE_DEBUG_INFO = INCLUDE_SOURCE;
				MTL_FAST_MATH = YES;
				ONLY_ACTIVE_ARCH = YES;
				SWIFT_ACTIVE_COMPILATION_CONDITIONS = DEBUG;
				SWIFT_OPTIMIZATION_LEVEL = "-Onone";
			};
			name = Local;
		};
		42027F642A5AD2B1002CB0B9 /* Local */ = {
			isa = XCBuildConfiguration;
			baseConfigurationReference = 42027F5B2A5ACE51002CB0B9 /* Local.xcconfig */;
			buildSettings = {
				ASSETCATALOG_COMPILER_APPICON_NAME = AppIcon;
				ASSETCATALOG_COMPILER_GLOBAL_ACCENT_COLOR_NAME = AccentColor;
				CODE_SIGN_ENTITLEMENTS = BlipFM/Configuration/Entitlements/BlipFM.entitlements;
				CODE_SIGN_STYLE = Automatic;
				CURRENT_PROJECT_VERSION = 1;
				DEVELOPMENT_ASSET_PATHS = "\"BlipFM/Preview Content\"";
				DEVELOPMENT_TEAM = "";
				ENABLE_HARDENED_RUNTIME = YES;
				ENABLE_PREVIEWS = YES;
				GENERATE_INFOPLIST_FILE = YES;
				INFOPLIST_FILE = BlipFM/Configuration/Plist/Info.plist;
				INFOPLIST_KEY_CFBundleDisplayName = BlipFM;
				INFOPLIST_KEY_LSApplicationCategoryType = "public.app-category.music";
				"INFOPLIST_KEY_UIApplicationSceneManifest_Generation[sdk=iphoneos*]" = YES;
				"INFOPLIST_KEY_UIApplicationSceneManifest_Generation[sdk=iphonesimulator*]" = YES;
				"INFOPLIST_KEY_UIApplicationSupportsIndirectInputEvents[sdk=iphoneos*]" = YES;
				"INFOPLIST_KEY_UIApplicationSupportsIndirectInputEvents[sdk=iphonesimulator*]" = YES;
				"INFOPLIST_KEY_UILaunchScreen_Generation[sdk=iphoneos*]" = YES;
				"INFOPLIST_KEY_UILaunchScreen_Generation[sdk=iphonesimulator*]" = YES;
				"INFOPLIST_KEY_UIStatusBarStyle[sdk=iphoneos*]" = UIStatusBarStyleDefault;
				"INFOPLIST_KEY_UIStatusBarStyle[sdk=iphonesimulator*]" = UIStatusBarStyleDefault;
				INFOPLIST_KEY_UISupportedInterfaceOrientations_iPad = "UIInterfaceOrientationPortrait UIInterfaceOrientationPortraitUpsideDown UIInterfaceOrientationLandscapeLeft UIInterfaceOrientationLandscapeRight";
				INFOPLIST_KEY_UISupportedInterfaceOrientations_iPhone = "UIInterfaceOrientationPortrait UIInterfaceOrientationLandscapeLeft UIInterfaceOrientationLandscapeRight";
				IPHONEOS_DEPLOYMENT_TARGET = 16.4;
				LD_RUNPATH_SEARCH_PATHS = "@executable_path/Frameworks";
				"LD_RUNPATH_SEARCH_PATHS[sdk=macosx*]" = "@executable_path/../Frameworks";
				MACOSX_DEPLOYMENT_TARGET = 13.3;
				MARKETING_VERSION = 1.0;
				PRODUCT_BUNDLE_IDENTIFIER = com.rcl.blipfm;
				PRODUCT_NAME = "$(TARGET_NAME)";
				SDKROOT = auto;
				SUPPORTED_PLATFORMS = "iphoneos iphonesimulator";
				SUPPORTS_MACCATALYST = NO;
				SUPPORTS_MAC_DESIGNED_FOR_IPHONE_IPAD = NO;
				SWIFT_EMIT_LOC_STRINGS = YES;
				SWIFT_VERSION = 5.0;
				TARGETED_DEVICE_FAMILY = "1,2";
			};
			name = Local;
		};
		42027F652A5AD2B1002CB0B9 /* Local */ = {
			isa = XCBuildConfiguration;
			baseConfigurationReference = 42027F5B2A5ACE51002CB0B9 /* Local.xcconfig */;
			buildSettings = {
				ALWAYS_EMBED_SWIFT_STANDARD_LIBRARIES = YES;
				BUNDLE_LOADER = "$(TEST_HOST)";
				CODE_SIGN_STYLE = Automatic;
				CURRENT_PROJECT_VERSION = 1;
				DEVELOPMENT_TEAM = 7HZB9XZQ87;
				GENERATE_INFOPLIST_FILE = YES;
				INFOPLIST_FILE = BlipFM/Configuration/Plist/Info.plist;
				INFOPLIST_KEY_LSApplicationCategoryType = "";
				IPHONEOS_DEPLOYMENT_TARGET = 16.4;
				MACOSX_DEPLOYMENT_TARGET = 13.3;
				MARKETING_VERSION = 1.0;
				PRODUCT_BUNDLE_IDENTIFIER = com.rcl.BlipFMTests;
				PRODUCT_NAME = "$(TARGET_NAME)";
				SDKROOT = auto;
				SUPPORTED_PLATFORMS = "iphoneos iphonesimulator";
				SUPPORTS_MACCATALYST = NO;
				SUPPORTS_MAC_DESIGNED_FOR_IPHONE_IPAD = NO;
				SWIFT_EMIT_LOC_STRINGS = NO;
				SWIFT_VERSION = 5.0;
				TARGETED_DEVICE_FAMILY = "1,2";
				TEST_HOST = "$(BUILT_PRODUCTS_DIR)/BlipFM.app/$(BUNDLE_EXECUTABLE_FOLDER_PATH)/BlipFM";
			};
			name = Local;
		};
		42027F662A5AD2B1002CB0B9 /* Local */ = {
			isa = XCBuildConfiguration;
			baseConfigurationReference = 42027F5B2A5ACE51002CB0B9 /* Local.xcconfig */;
			buildSettings = {
				ALWAYS_EMBED_SWIFT_STANDARD_LIBRARIES = YES;
				CODE_SIGN_STYLE = Automatic;
				CURRENT_PROJECT_VERSION = 1;
				DEVELOPMENT_TEAM = 7HZB9XZQ87;
				GENERATE_INFOPLIST_FILE = YES;
				INFOPLIST_FILE = BlipFM/Configuration/Plist/Local.plist;
				IPHONEOS_DEPLOYMENT_TARGET = 16.4;
				MACOSX_DEPLOYMENT_TARGET = 13.3;
				MARKETING_VERSION = 1.0;
				PRODUCT_BUNDLE_IDENTIFIER = com.rcl.BlipFMUITests;
				PRODUCT_NAME = "$(TARGET_NAME)";
				SDKROOT = auto;
				SUPPORTED_PLATFORMS = "iphoneos iphonesimulator";
				SUPPORTS_MACCATALYST = NO;
				SUPPORTS_MAC_DESIGNED_FOR_IPHONE_IPAD = NO;
				SWIFT_EMIT_LOC_STRINGS = NO;
				SWIFT_VERSION = 5.0;
				TARGETED_DEVICE_FAMILY = "1,2";
				TEST_TARGET_NAME = BlipFM;
			};
			name = Local;
		};
		42B7A8CE2A58BDDC009FF1F7 /* Debug */ = {
			isa = XCBuildConfiguration;
			buildSettings = {
				ALWAYS_SEARCH_USER_PATHS = NO;
				CLANG_ANALYZER_NONNULL = YES;
				CLANG_ANALYZER_NUMBER_OBJECT_CONVERSION = YES_AGGRESSIVE;
				CLANG_CXX_LANGUAGE_STANDARD = "gnu++20";
				CLANG_ENABLE_MODULES = YES;
				CLANG_ENABLE_OBJC_ARC = YES;
				CLANG_ENABLE_OBJC_WEAK = YES;
				CLANG_WARN_BLOCK_CAPTURE_AUTORELEASING = YES;
				CLANG_WARN_BOOL_CONVERSION = YES;
				CLANG_WARN_COMMA = YES;
				CLANG_WARN_CONSTANT_CONVERSION = YES;
				CLANG_WARN_DEPRECATED_OBJC_IMPLEMENTATIONS = YES;
				CLANG_WARN_DIRECT_OBJC_ISA_USAGE = YES_ERROR;
				CLANG_WARN_DOCUMENTATION_COMMENTS = YES;
				CLANG_WARN_EMPTY_BODY = YES;
				CLANG_WARN_ENUM_CONVERSION = YES;
				CLANG_WARN_INFINITE_RECURSION = YES;
				CLANG_WARN_INT_CONVERSION = YES;
				CLANG_WARN_NON_LITERAL_NULL_CONVERSION = YES;
				CLANG_WARN_OBJC_IMPLICIT_RETAIN_SELF = YES;
				CLANG_WARN_OBJC_LITERAL_CONVERSION = YES;
				CLANG_WARN_OBJC_ROOT_CLASS = YES_ERROR;
				CLANG_WARN_QUOTED_INCLUDE_IN_FRAMEWORK_HEADER = YES;
				CLANG_WARN_RANGE_LOOP_ANALYSIS = YES;
				CLANG_WARN_STRICT_PROTOTYPES = YES;
				CLANG_WARN_SUSPICIOUS_MOVE = YES;
				CLANG_WARN_UNGUARDED_AVAILABILITY = YES_AGGRESSIVE;
				CLANG_WARN_UNREACHABLE_CODE = YES;
				CLANG_WARN__DUPLICATE_METHOD_MATCH = YES;
				COPY_PHASE_STRIP = NO;
				DEBUG_INFORMATION_FORMAT = dwarf;
				ENABLE_STRICT_OBJC_MSGSEND = YES;
				ENABLE_TESTABILITY = YES;
				GCC_C_LANGUAGE_STANDARD = gnu11;
				GCC_DYNAMIC_NO_PIC = NO;
				GCC_NO_COMMON_BLOCKS = YES;
				GCC_OPTIMIZATION_LEVEL = 0;
				GCC_PREPROCESSOR_DEFINITIONS = (
					"DEBUG=1",
					"$(inherited)",
				);
				GCC_WARN_64_TO_32_BIT_CONVERSION = YES;
				GCC_WARN_ABOUT_RETURN_TYPE = YES_ERROR;
				GCC_WARN_UNDECLARED_SELECTOR = YES;
				GCC_WARN_UNINITIALIZED_AUTOS = YES_AGGRESSIVE;
				GCC_WARN_UNUSED_FUNCTION = YES;
				GCC_WARN_UNUSED_VARIABLE = YES;
				MTL_ENABLE_DEBUG_INFO = INCLUDE_SOURCE;
				MTL_FAST_MATH = YES;
				ONLY_ACTIVE_ARCH = YES;
				SWIFT_ACTIVE_COMPILATION_CONDITIONS = DEBUG;
				SWIFT_OPTIMIZATION_LEVEL = "-Onone";
			};
			name = Debug;
		};
		42B7A8CF2A58BDDC009FF1F7 /* Release */ = {
			isa = XCBuildConfiguration;
			buildSettings = {
				ALWAYS_SEARCH_USER_PATHS = NO;
				CLANG_ANALYZER_NONNULL = YES;
				CLANG_ANALYZER_NUMBER_OBJECT_CONVERSION = YES_AGGRESSIVE;
				CLANG_CXX_LANGUAGE_STANDARD = "gnu++20";
				CLANG_ENABLE_MODULES = YES;
				CLANG_ENABLE_OBJC_ARC = YES;
				CLANG_ENABLE_OBJC_WEAK = YES;
				CLANG_WARN_BLOCK_CAPTURE_AUTORELEASING = YES;
				CLANG_WARN_BOOL_CONVERSION = YES;
				CLANG_WARN_COMMA = YES;
				CLANG_WARN_CONSTANT_CONVERSION = YES;
				CLANG_WARN_DEPRECATED_OBJC_IMPLEMENTATIONS = YES;
				CLANG_WARN_DIRECT_OBJC_ISA_USAGE = YES_ERROR;
				CLANG_WARN_DOCUMENTATION_COMMENTS = YES;
				CLANG_WARN_EMPTY_BODY = YES;
				CLANG_WARN_ENUM_CONVERSION = YES;
				CLANG_WARN_INFINITE_RECURSION = YES;
				CLANG_WARN_INT_CONVERSION = YES;
				CLANG_WARN_NON_LITERAL_NULL_CONVERSION = YES;
				CLANG_WARN_OBJC_IMPLICIT_RETAIN_SELF = YES;
				CLANG_WARN_OBJC_LITERAL_CONVERSION = YES;
				CLANG_WARN_OBJC_ROOT_CLASS = YES_ERROR;
				CLANG_WARN_QUOTED_INCLUDE_IN_FRAMEWORK_HEADER = YES;
				CLANG_WARN_RANGE_LOOP_ANALYSIS = YES;
				CLANG_WARN_STRICT_PROTOTYPES = YES;
				CLANG_WARN_SUSPICIOUS_MOVE = YES;
				CLANG_WARN_UNGUARDED_AVAILABILITY = YES_AGGRESSIVE;
				CLANG_WARN_UNREACHABLE_CODE = YES;
				CLANG_WARN__DUPLICATE_METHOD_MATCH = YES;
				COPY_PHASE_STRIP = NO;
				DEBUG_INFORMATION_FORMAT = "dwarf-with-dsym";
				ENABLE_NS_ASSERTIONS = NO;
				ENABLE_STRICT_OBJC_MSGSEND = YES;
				GCC_C_LANGUAGE_STANDARD = gnu11;
				GCC_NO_COMMON_BLOCKS = YES;
				GCC_WARN_64_TO_32_BIT_CONVERSION = YES;
				GCC_WARN_ABOUT_RETURN_TYPE = YES_ERROR;
				GCC_WARN_UNDECLARED_SELECTOR = YES;
				GCC_WARN_UNINITIALIZED_AUTOS = YES_AGGRESSIVE;
				GCC_WARN_UNUSED_FUNCTION = YES;
				GCC_WARN_UNUSED_VARIABLE = YES;
				MTL_ENABLE_DEBUG_INFO = NO;
				MTL_FAST_MATH = YES;
				SWIFT_COMPILATION_MODE = wholemodule;
				SWIFT_OPTIMIZATION_LEVEL = "-O";
			};
			name = Release;
		};
		42B7A8D12A58BDDC009FF1F7 /* Debug */ = {
			isa = XCBuildConfiguration;
			baseConfigurationReference = 42027F562A5ACD31002CB0B9 /* Dev.xcconfig */;
			buildSettings = {
				ASSETCATALOG_COMPILER_APPICON_NAME = AppIcon;
				ASSETCATALOG_COMPILER_GLOBAL_ACCENT_COLOR_NAME = AccentColor;
				CODE_SIGN_ENTITLEMENTS = BlipFM/Configuration/Entitlements/BlipFM.entitlements;
				CODE_SIGN_STYLE = Automatic;
				CURRENT_PROJECT_VERSION = 1;
				DEVELOPMENT_ASSET_PATHS = "\"BlipFM/Preview Content\"";
				DEVELOPMENT_TEAM = "";
				ENABLE_HARDENED_RUNTIME = YES;
				ENABLE_PREVIEWS = YES;
				GENERATE_INFOPLIST_FILE = YES;
				INFOPLIST_FILE = BlipFM/Configuration/Plist/Info.plist;
				INFOPLIST_KEY_CFBundleDisplayName = BlipFM;
				INFOPLIST_KEY_LSApplicationCategoryType = "public.app-category.music";
				"INFOPLIST_KEY_UIApplicationSceneManifest_Generation[sdk=iphoneos*]" = YES;
				"INFOPLIST_KEY_UIApplicationSceneManifest_Generation[sdk=iphonesimulator*]" = YES;
				"INFOPLIST_KEY_UIApplicationSupportsIndirectInputEvents[sdk=iphoneos*]" = YES;
				"INFOPLIST_KEY_UIApplicationSupportsIndirectInputEvents[sdk=iphonesimulator*]" = YES;
				"INFOPLIST_KEY_UILaunchScreen_Generation[sdk=iphoneos*]" = YES;
				"INFOPLIST_KEY_UILaunchScreen_Generation[sdk=iphonesimulator*]" = YES;
				"INFOPLIST_KEY_UIStatusBarStyle[sdk=iphoneos*]" = UIStatusBarStyleDefault;
				"INFOPLIST_KEY_UIStatusBarStyle[sdk=iphonesimulator*]" = UIStatusBarStyleDefault;
				INFOPLIST_KEY_UISupportedInterfaceOrientations_iPad = "UIInterfaceOrientationPortrait UIInterfaceOrientationPortraitUpsideDown UIInterfaceOrientationLandscapeLeft UIInterfaceOrientationLandscapeRight";
				INFOPLIST_KEY_UISupportedInterfaceOrientations_iPhone = "UIInterfaceOrientationPortrait UIInterfaceOrientationLandscapeLeft UIInterfaceOrientationLandscapeRight";
				IPHONEOS_DEPLOYMENT_TARGET = 16.4;
				LD_RUNPATH_SEARCH_PATHS = "@executable_path/Frameworks";
				"LD_RUNPATH_SEARCH_PATHS[sdk=macosx*]" = "@executable_path/../Frameworks";
				MACOSX_DEPLOYMENT_TARGET = 13.3;
				MARKETING_VERSION = 1.0;
				PRODUCT_BUNDLE_IDENTIFIER = com.rcl.blipfm;
				PRODUCT_NAME = "$(TARGET_NAME)";
				SDKROOT = auto;
				SUPPORTED_PLATFORMS = "iphoneos iphonesimulator";
				SUPPORTS_MACCATALYST = NO;
				SUPPORTS_MAC_DESIGNED_FOR_IPHONE_IPAD = NO;
				SWIFT_EMIT_LOC_STRINGS = YES;
				SWIFT_VERSION = 5.0;
				TARGETED_DEVICE_FAMILY = "1,2";
			};
			name = Debug;
		};
		42B7A8D22A58BDDC009FF1F7 /* Release */ = {
			isa = XCBuildConfiguration;
			baseConfigurationReference = 42027F562A5ACD31002CB0B9 /* Dev.xcconfig */;
			buildSettings = {
				ASSETCATALOG_COMPILER_APPICON_NAME = AppIcon;
				ASSETCATALOG_COMPILER_GLOBAL_ACCENT_COLOR_NAME = AccentColor;
				CODE_SIGN_ENTITLEMENTS = BlipFM/Configuration/Entitlements/BlipFM.entitlements;
				CODE_SIGN_STYLE = Automatic;
				CURRENT_PROJECT_VERSION = 1;
				DEVELOPMENT_ASSET_PATHS = "\"BlipFM/Preview Content\"";
				DEVELOPMENT_TEAM = "";
				ENABLE_HARDENED_RUNTIME = YES;
				ENABLE_PREVIEWS = YES;
				GENERATE_INFOPLIST_FILE = YES;
				INFOPLIST_FILE = BlipFM/Configuration/Plist/Info.plist;
				INFOPLIST_KEY_CFBundleDisplayName = BlipFM;
				INFOPLIST_KEY_LSApplicationCategoryType = "public.app-category.music";
				"INFOPLIST_KEY_UIApplicationSceneManifest_Generation[sdk=iphoneos*]" = YES;
				"INFOPLIST_KEY_UIApplicationSceneManifest_Generation[sdk=iphonesimulator*]" = YES;
				"INFOPLIST_KEY_UIApplicationSupportsIndirectInputEvents[sdk=iphoneos*]" = YES;
				"INFOPLIST_KEY_UIApplicationSupportsIndirectInputEvents[sdk=iphonesimulator*]" = YES;
				"INFOPLIST_KEY_UILaunchScreen_Generation[sdk=iphoneos*]" = YES;
				"INFOPLIST_KEY_UILaunchScreen_Generation[sdk=iphonesimulator*]" = YES;
				"INFOPLIST_KEY_UIStatusBarStyle[sdk=iphoneos*]" = UIStatusBarStyleDefault;
				"INFOPLIST_KEY_UIStatusBarStyle[sdk=iphonesimulator*]" = UIStatusBarStyleDefault;
				INFOPLIST_KEY_UISupportedInterfaceOrientations_iPad = "UIInterfaceOrientationPortrait UIInterfaceOrientationPortraitUpsideDown UIInterfaceOrientationLandscapeLeft UIInterfaceOrientationLandscapeRight";
				INFOPLIST_KEY_UISupportedInterfaceOrientations_iPhone = "UIInterfaceOrientationPortrait UIInterfaceOrientationLandscapeLeft UIInterfaceOrientationLandscapeRight";
				IPHONEOS_DEPLOYMENT_TARGET = 16.4;
				LD_RUNPATH_SEARCH_PATHS = "@executable_path/Frameworks";
				"LD_RUNPATH_SEARCH_PATHS[sdk=macosx*]" = "@executable_path/../Frameworks";
				MACOSX_DEPLOYMENT_TARGET = 13.3;
				MARKETING_VERSION = 1.0;
				PRODUCT_BUNDLE_IDENTIFIER = com.rcl.blipfm;
				PRODUCT_NAME = "$(TARGET_NAME)";
				SDKROOT = auto;
				SUPPORTED_PLATFORMS = "iphoneos iphonesimulator";
				SUPPORTS_MACCATALYST = NO;
				SUPPORTS_MAC_DESIGNED_FOR_IPHONE_IPAD = NO;
				SWIFT_EMIT_LOC_STRINGS = YES;
				SWIFT_VERSION = 5.0;
				TARGETED_DEVICE_FAMILY = "1,2";
			};
			name = Release;
		};
		42B7A8D42A58BDDC009FF1F7 /* Debug */ = {
			isa = XCBuildConfiguration;
			baseConfigurationReference = 42027F5B2A5ACE51002CB0B9 /* Local.xcconfig */;
			buildSettings = {
				ALWAYS_EMBED_SWIFT_STANDARD_LIBRARIES = YES;
				BUNDLE_LOADER = "$(TEST_HOST)";
				CODE_SIGN_STYLE = Automatic;
				CURRENT_PROJECT_VERSION = 1;
				DEVELOPMENT_TEAM = 7HZB9XZQ87;
				GENERATE_INFOPLIST_FILE = YES;
				INFOPLIST_FILE = BlipFM/Configuration/Plist/Info.plist;
				INFOPLIST_KEY_LSApplicationCategoryType = "";
				IPHONEOS_DEPLOYMENT_TARGET = 16.4;
				MACOSX_DEPLOYMENT_TARGET = 13.3;
				MARKETING_VERSION = 1.0;
				PRODUCT_BUNDLE_IDENTIFIER = com.rcl.BlipFMTests;
				PRODUCT_NAME = "$(TARGET_NAME)";
				SDKROOT = auto;
				SUPPORTED_PLATFORMS = "iphoneos iphonesimulator";
				SUPPORTS_MACCATALYST = NO;
				SUPPORTS_MAC_DESIGNED_FOR_IPHONE_IPAD = NO;
				SWIFT_EMIT_LOC_STRINGS = NO;
				SWIFT_VERSION = 5.0;
				TARGETED_DEVICE_FAMILY = "1,2";
				TEST_HOST = "$(BUILT_PRODUCTS_DIR)/BlipFM.app/$(BUNDLE_EXECUTABLE_FOLDER_PATH)/BlipFM";
			};
			name = Debug;
		};
		42B7A8D52A58BDDC009FF1F7 /* Release */ = {
			isa = XCBuildConfiguration;
			baseConfigurationReference = 42027F5B2A5ACE51002CB0B9 /* Local.xcconfig */;
			buildSettings = {
				ALWAYS_EMBED_SWIFT_STANDARD_LIBRARIES = YES;
				BUNDLE_LOADER = "$(TEST_HOST)";
				CODE_SIGN_STYLE = Automatic;
				CURRENT_PROJECT_VERSION = 1;
				DEVELOPMENT_TEAM = 7HZB9XZQ87;
				GENERATE_INFOPLIST_FILE = YES;
				INFOPLIST_FILE = BlipFM/Configuration/Plist/Info.plist;
				INFOPLIST_KEY_LSApplicationCategoryType = "";
				IPHONEOS_DEPLOYMENT_TARGET = 16.4;
				MACOSX_DEPLOYMENT_TARGET = 13.3;
				MARKETING_VERSION = 1.0;
				PRODUCT_BUNDLE_IDENTIFIER = com.rcl.BlipFMTests;
				PRODUCT_NAME = "$(TARGET_NAME)";
				SDKROOT = auto;
				SUPPORTED_PLATFORMS = "iphoneos iphonesimulator";
				SUPPORTS_MACCATALYST = NO;
				SUPPORTS_MAC_DESIGNED_FOR_IPHONE_IPAD = NO;
				SWIFT_EMIT_LOC_STRINGS = NO;
				SWIFT_VERSION = 5.0;
				TARGETED_DEVICE_FAMILY = "1,2";
				TEST_HOST = "$(BUILT_PRODUCTS_DIR)/BlipFM.app/$(BUNDLE_EXECUTABLE_FOLDER_PATH)/BlipFM";
			};
			name = Release;
		};
		42B7A8D72A58BDDC009FF1F7 /* Debug */ = {
			isa = XCBuildConfiguration;
			baseConfigurationReference = 42027F5B2A5ACE51002CB0B9 /* Local.xcconfig */;
			buildSettings = {
				ALWAYS_EMBED_SWIFT_STANDARD_LIBRARIES = YES;
				CODE_SIGN_STYLE = Automatic;
				CURRENT_PROJECT_VERSION = 1;
				DEVELOPMENT_TEAM = 7HZB9XZQ87;
				GENERATE_INFOPLIST_FILE = YES;
				INFOPLIST_FILE = BlipFM/Configuration/Plist/Local.plist;
				IPHONEOS_DEPLOYMENT_TARGET = 16.4;
				MACOSX_DEPLOYMENT_TARGET = 13.3;
				MARKETING_VERSION = 1.0;
				PRODUCT_BUNDLE_IDENTIFIER = com.rcl.BlipFMUITests;
				PRODUCT_NAME = "$(TARGET_NAME)";
				SDKROOT = auto;
				SUPPORTED_PLATFORMS = "iphoneos iphonesimulator";
				SUPPORTS_MACCATALYST = NO;
				SUPPORTS_MAC_DESIGNED_FOR_IPHONE_IPAD = NO;
				SWIFT_EMIT_LOC_STRINGS = NO;
				SWIFT_VERSION = 5.0;
				TARGETED_DEVICE_FAMILY = "1,2";
				TEST_TARGET_NAME = BlipFM;
			};
			name = Debug;
		};
		42B7A8D82A58BDDC009FF1F7 /* Release */ = {
			isa = XCBuildConfiguration;
			baseConfigurationReference = 42027F5B2A5ACE51002CB0B9 /* Local.xcconfig */;
			buildSettings = {
				ALWAYS_EMBED_SWIFT_STANDARD_LIBRARIES = YES;
				CODE_SIGN_STYLE = Automatic;
				CURRENT_PROJECT_VERSION = 1;
				DEVELOPMENT_TEAM = 7HZB9XZQ87;
				GENERATE_INFOPLIST_FILE = YES;
				INFOPLIST_FILE = BlipFM/Configuration/Plist/Local.plist;
				IPHONEOS_DEPLOYMENT_TARGET = 16.4;
				MACOSX_DEPLOYMENT_TARGET = 13.3;
				MARKETING_VERSION = 1.0;
				PRODUCT_BUNDLE_IDENTIFIER = com.rcl.BlipFMUITests;
				PRODUCT_NAME = "$(TARGET_NAME)";
				SDKROOT = auto;
				SUPPORTED_PLATFORMS = "iphoneos iphonesimulator";
				SUPPORTS_MACCATALYST = NO;
				SUPPORTS_MAC_DESIGNED_FOR_IPHONE_IPAD = NO;
				SWIFT_EMIT_LOC_STRINGS = NO;
				SWIFT_VERSION = 5.0;
				TARGETED_DEVICE_FAMILY = "1,2";
				TEST_TARGET_NAME = BlipFM;
			};
			name = Release;
		};
/* End XCBuildConfiguration section */

/* Begin XCConfigurationList section */
		42B7A8A62A58BDDA009FF1F7 /* Build configuration list for PBXProject "BlipFM" */ = {
			isa = XCConfigurationList;
			buildConfigurations = (
				42B7A8CE2A58BDDC009FF1F7 /* Debug */,
				42027F632A5AD2B1002CB0B9 /* Local */,
				42B7A8CF2A58BDDC009FF1F7 /* Release */,
			);
			defaultConfigurationIsVisible = 0;
			defaultConfigurationName = Release;
		};
		42B7A8D02A58BDDC009FF1F7 /* Build configuration list for PBXNativeTarget "BlipFM" */ = {
			isa = XCConfigurationList;
			buildConfigurations = (
				42B7A8D12A58BDDC009FF1F7 /* Debug */,
				42027F642A5AD2B1002CB0B9 /* Local */,
				42B7A8D22A58BDDC009FF1F7 /* Release */,
			);
			defaultConfigurationIsVisible = 0;
			defaultConfigurationName = Release;
		};
		42B7A8D32A58BDDC009FF1F7 /* Build configuration list for PBXNativeTarget "BlipFMTests" */ = {
			isa = XCConfigurationList;
			buildConfigurations = (
				42B7A8D42A58BDDC009FF1F7 /* Debug */,
				42027F652A5AD2B1002CB0B9 /* Local */,
				42B7A8D52A58BDDC009FF1F7 /* Release */,
			);
			defaultConfigurationIsVisible = 0;
			defaultConfigurationName = Release;
		};
		42B7A8D62A58BDDC009FF1F7 /* Build configuration list for PBXNativeTarget "BlipFMUITests" */ = {
			isa = XCConfigurationList;
			buildConfigurations = (
				42B7A8D72A58BDDC009FF1F7 /* Debug */,
				42027F662A5AD2B1002CB0B9 /* Local */,
				42B7A8D82A58BDDC009FF1F7 /* Release */,
			);
			defaultConfigurationIsVisible = 0;
			defaultConfigurationName = Release;
		};
/* End XCConfigurationList section */
	};
	rootObject = 42B7A8A32A58BDDA009FF1F7 /* Project object */;
}
